
Microsoft Visual Studio Solution File, Format Version 12.00
# Visual Studio Version 17
VisualStudioVersion = 17.5.33516.290
MinimumVisualStudioVersion = 10.0.40219.1
Project("{FAE04EC0-301F-11D3-BF4B-00C04F79EFBC}") = "ChallengeApp", "ChallengeApp\ChallengeApp.csproj", "{D8691A42-F5CA-4E19-941B-039B122B9593}"
EndProject
Global
	GlobalSection(SolutionConfigurationPlatforms) = preSolution
		Debug|Any CPU = Debug|Any CPU
		Release|Any CPU = Release|Any CPU
	EndGlobalSection
	GlobalSection(ProjectConfigurationPlatforms) = postSolution
		{D8691A42-F5CA-4E19-941B-039B122B9593}.Debug|Any CPU.ActiveCfg = Debug|Any CPU
		{D8691A42-F5CA-4E19-941B-039B122B9593}.Debug|Any CPU.Build.0 = Debug|Any CPU
		{D8691A42-F5CA-4E19-941B-039B122B9593}.Release|Any CPU.ActiveCfg = Release|Any CPU
		{D8691A42-F5CA-4E19-941B-039B122B9593}.Release|Any CPU.Build.0 = Release|Any CPU
	EndGlobalSection
	GlobalSection(SolutionProperties) = preSolution
		HideSolutionNode = FALSE
	EndGlobalSection
	GlobalSection(ExtensibilityGlobals) = postSolution
		SolutionGuid = {DC2DD0C6-7D10-44A3-8EEB-A41E43F36155}
	EndGlobalSection
EndGlobal
